
Microsoft Visual Studio Solution File, Format Version 12.00
# Visual Studio Version 17
VisualStudioVersion = 17.5.002.0
MinimumVisualStudioVersion = 10.0.40219.1
Project("{9A19103F-16F7-4668-BE54-9A1E7A4F7556}") = "Sinal", "Sinal.csproj", "{841F18AF-FE77-49A1-8831-F64C198D38D1}"
EndProject
Global
	GlobalSection(SolutionConfigurationPlatforms) = preSolution
		Debug|Any CPU = Debug|Any CPU
		Release|Any CPU = Release|Any CPU
	EndGlobalSection
	GlobalSection(ProjectConfigurationPlatforms) = postSolution
		{841F18AF-FE77-49A1-8831-F64C198D38D1}.Debug|Any CPU.ActiveCfg = Debug|Any CPU
		{841F18AF-FE77-49A1-8831-F64C198D38D1}.Debug|Any CPU.Build.0 = Debug|Any CPU
		{841F18AF-FE77-49A1-8831-F64C198D38D1}.Release|Any CPU.ActiveCfg = Release|Any CPU
		{841F18AF-FE77-49A1-8831-F64C198D38D1}.Release|Any CPU.Build.0 = Release|Any CPU
	EndGlobalSection
	GlobalSection(SolutionProperties) = preSolution
		HideSolutionNode = FALSE
	EndGlobalSection
	GlobalSection(ExtensibilityGlobals) = postSolution
		SolutionGuid = {A30D6BD3-F8A8-4AB1-8D75-AFB46B1A2C32}
	EndGlobalSection
EndGlobal
